
Microsoft Visual Studio Solution File, Format Version 12.00
# Visual Studio 14
VisualStudioVersion = 14.0.25420.1
MinimumVisualStudioVersion = 10.0.40219.1
Project("{FAE04EC0-301F-11D3-BF4B-00C04F79EFBC}") = "MealOrdering", "MealOrdering\MealOrdering.csproj", "{A4DBC44F-DD03-42BE-AFE8-A6DCBCA058AA}"
EndProject
Project("{2150E333-8FDC-42A3-9474-1A3956D46DE8}") = "MealApi", "MealApi", "{D8CB34AD-D461-4237-8271-BAC8AA334DB0}"
EndProject
Project("{FAE04EC0-301F-11D3-BF4B-00C04F79EFBC}") = "MealApiEleme", "MealApiEleme\MealApiEleme.csproj", "{D65019FF-E0DD-4C27-93A1-ED2FFD5A2C8B}"
EndProject
Project("{FAE04EC0-301F-11D3-BF4B-00C04F79EFBC}") = "MealApiInterface", "MealApi\MealApiInterface\MealApiInterface.csproj", "{58DD2ADA-FFCC-4DE6-B9EC-706235F7BC5A}"
EndProject
Project("{FAE04EC0-301F-11D3-BF4B-00C04F79EFBC}") = "MealH5", "MealH5\MealH5.csproj", "{03366886-27FB-4F05-B1A6-614BA360359B}"
EndProject
Project("{FAE04EC0-301F-11D3-BF4B-00C04F79EFBC}") = "MealApiService", "MealApiService\MealApiService.csproj", "{B7A98906-63ED-4550-BE24-F8AC19986D0B}"
EndProject
Project("{FAE04EC0-301F-11D3-BF4B-00C04F79EFBC}") = "MealApiServiceClient", "MealApiServiceClient\MealApiServiceClient.csproj", "{AC41D9A5-BBE8-4A61-8852-082439B2B50D}"
EndProject
Project("{FAE04EC0-301F-11D3-BF4B-00C04F79EFBC}") = "iPathAuthService", "iPathAuthService\iPathAuthService.csproj", "{1FD9D4F6-F42A-44CD-83DC-16DBCDD984F7}"
EndProject
Project("{2150E333-8FDC-42A3-9474-1A3956D46DE8}") = "MealAdmin", "MealAdmin", "{7A043D68-944A-4AB4-AF3F-CF2ABEA560A9}"
EndProject
Project("{FAE04EC0-301F-11D3-BF4B-00C04F79EFBC}") = "MealAdmin.Web", "MealAdmin\MealAdmin.Web\MealAdmin.Web.csproj", "{E0980EAF-6BC1-461A-AC7A-F61ED203E55C}"
EndProject
Project("{FAE04EC0-301F-11D3-BF4B-00C04F79EFBC}") = "MealAdmin.Util", "MealAdmin\MealAdmin.Util\MealAdmin.Util.csproj", "{2C06C2D1-E0CF-43E7-8E93-0BAC326FF01E}"
EndProject
Project("{FAE04EC0-301F-11D3-BF4B-00C04F79EFBC}") = "MealAdmin.Dao", "MealAdmin\MealAdmin.Dao\MealAdmin.Dao.csproj", "{27864EF5-D734-404A-B71B-11AA35341166}"
EndProject
Project("{FAE04EC0-301F-11D3-BF4B-00C04F79EFBC}") = "MealAdmin.Entity", "MealAdmin\MealAdmin.Entity\MealAdmin.Entity.csproj", "{62816AFC-0B05-43FF-9FD8-4DA38B8AD21F}"
EndProject
Project("{FAE04EC0-301F-11D3-BF4B-00C04F79EFBC}") = "MealAdmin.Service", "MealAdmin\MealAdmin.Service\MealAdmin.Service.csproj", "{201C1D4F-F00D-47B8-96A7-BC6FEB623454}"
EndProject
Project("{FAE04EC0-301F-11D3-BF4B-00C04F79EFBC}") = "MealOrdering.LittleSecretaryCallBack", "MealOrdering.LittleSecretaryCallBack\MealOrdering.LittleSecretaryCallBack.csproj", "{C88C39BE-A941-419F-834E-53FBDB6C78C2}"
EndProject
Project("{2150E333-8FDC-42A3-9474-1A3956D46DE8}") = "MeeingMealApi", "MeeingMealApi", "{E1BD146A-4A12-400B-BC1C-F00AAAC928B8}"
EndProject
Project("{FAE04EC0-301F-11D3-BF4B-00C04F79EFBC}") = "LittleSecretary", "MeeingMealApi\LittleSecretary\LittleSecretary.csproj", "{205136F6-EF47-460D-BFDD-1B41EBF70A16}"
EndProject
Project("{FAE04EC0-301F-11D3-BF4B-00C04F79EFBC}") = "MealAdminApiService", "MealAdmin\MealAdminApi\MealAdminApiService.csproj", "{1E0D5CAD-6D61-49E1-99FF-46B3E216CFBB}"
EndProject
Project("{FAE04EC0-301F-11D3-BF4B-00C04F79EFBC}") = "MealAdminApiClient", "MealAdmin\MealAdminApiClient\MealAdminApiClient.csproj", "{A0BC7FD9-4F01-42AE-94BD-4B7C8E92061B}"
EndProject
Project("{FAE04EC0-301F-11D3-BF4B-00C04F79EFBC}") = "MeetingMealApiService", "MeeingMealApi\MeetingMealApiService\MeetingMealApiService.csproj", "{2A840B21-8766-4E66-8121-7E5B4F0E88BC}"
EndProject
Project("{FAE04EC0-301F-11D3-BF4B-00C04F79EFBC}") = "MeetingMealEntity", "MeeingMealApi\MeetingMealEntity\MeetingMealEntity.csproj", "{6C38C5B0-3F26-4E09-9674-56C961CE1946}"
EndProject
Project("{FAE04EC0-301F-11D3-BF4B-00C04F79EFBC}") = "MeetingMealApiClient", "MeeingMealApi\MeetingMealApiClient\MeetingMealApiClient.csproj", "{28020532-1ADC-4289-A369-A2E28CC2A378}"
EndProject
Project("{FAE04EC0-301F-11D3-BF4B-00C04F79EFBC}") = "LittleSecretarySyncTool", "MeeingMealApi\LittleSecretarySyncTool\LittleSecretarySyncTool.csproj", "{ADA73E42-DB38-4999-9E8A-AD119C791B5C}"
EndProject
Project("{FAE04EC0-301F-11D3-BF4B-00C04F79EFBC}") = "SysPushOne", "SysPushOne\SysPushOne.csproj", "{7C34374E-AFD3-491A-9AE9-2AC305D82FA6}"
EndProject
Project("{FAE04EC0-301F-11D3-BF4B-00C04F79EFBC}") = "LinkBDS", "linkBDS\LinkBDS.csproj", "{D627D9B3-2322-4647-AF8B-62F0F9ECFC5C}"
EndProject
Project("{FAE04EC0-301F-11D3-BF4B-00C04F79EFBC}") = "UploadFileImage", "UploadFileImage\UploadFileImage.csproj", "{FE834DFC-EFE3-444C-B7F5-E79F6A2C3637}"
EndProject
Project("{FAE04EC0-301F-11D3-BF4B-00C04F79EFBC}") = "SyncPushTenPM", "SyncPushTenPM\SyncPushTenPM.csproj", "{39B5D139-EA24-4839-AD0A-367482CD9465}"
EndProject
Project("{FAE04EC0-301F-11D3-BF4B-00C04F79EFBC}") = "SyncPushSixPM", "SyncPushSixPM\SyncPushSixPM.csproj", "{D749367A-6320-46D1-8E64-95F2AD6EDAC6}"
EndProject
Project("{FAE04EC0-301F-11D3-BF4B-00C04F79EFBC}") = "SendBriefReport", "SendBriefReport\SendBriefReport.csproj", "{339283EF-1EE7-4B6C-853D-E43F6EC26915}"
EndProject
Project("{FAE04EC0-301F-11D3-BF4B-00C04F79EFBC}") = "SyncUser", "SyncUser\SyncUser.csproj", "{1B571C58-C8C2-4CD4-BD62-0A56F4B557F0}"
EndProject
Project("{FAE04EC0-301F-11D3-BF4B-00C04F79EFBC}") = "AutoTransfer", "AutoTransfer\AutoTransfer.csproj", "{52EFD15B-AF7C-45D0-AECC-A4B4786B86B3}"
EndProject
Project("{FAE04EC0-301F-11D3-BF4B-00C04F79EFBC}") = "SyncInvalidateAnHour", "SyncInvalidateAnHour\SyncInvalidateAnHour.csproj", "{9A9D4C10-0E63-4394-88E6-1174774106C6}"
EndProject
Project("{FAE04EC0-301F-11D3-BF4B-00C04F79EFBC}") = "UpdateMasterData", "UpdateMasterData\UpdateMasterData.csproj", "{F940CF28-481C-4181-A237-744EBB806369}"
EndProject
Project("{FAE04EC0-301F-11D3-BF4B-00C04F79EFBC}") = "PostHospitalVariables", "PostHospitalVariables\PostHospitalVariables.csproj", "{2DF1F5E9-8EB5-4617-87E2-210FE4402B4E}"
EndProject
Project("{FAE04EC0-301F-11D3-BF4B-00C04F79EFBC}") = "SyncReport", "SyncReport\SyncReport.csproj", "{EA0D9AFE-E2F2-47BF-9FC3-DDB139099271}"
EndProject
Global
	GlobalSection(SolutionConfigurationPlatforms) = preSolution
		Debug|Any CPU = Debug|Any CPU
		Release|Any CPU = Release|Any CPU
	EndGlobalSection
	GlobalSection(ProjectConfigurationPlatforms) = postSolution
		{A4DBC44F-DD03-42BE-AFE8-A6DCBCA058AA}.Debug|Any CPU.ActiveCfg = Debug|Any CPU
		{A4DBC44F-DD03-42BE-AFE8-A6DCBCA058AA}.Debug|Any CPU.Build.0 = Debug|Any CPU
		{A4DBC44F-DD03-42BE-AFE8-A6DCBCA058AA}.Release|Any CPU.ActiveCfg = Release|Any CPU
		{A4DBC44F-DD03-42BE-AFE8-A6DCBCA058AA}.Release|Any CPU.Build.0 = Release|Any CPU
		{D65019FF-E0DD-4C27-93A1-ED2FFD5A2C8B}.Debug|Any CPU.ActiveCfg = Debug|Any CPU
		{D65019FF-E0DD-4C27-93A1-ED2FFD5A2C8B}.Debug|Any CPU.Build.0 = Debug|Any CPU
		{D65019FF-E0DD-4C27-93A1-ED2FFD5A2C8B}.Release|Any CPU.ActiveCfg = Release|Any CPU
		{D65019FF-E0DD-4C27-93A1-ED2FFD5A2C8B}.Release|Any CPU.Build.0 = Release|Any CPU
		{58DD2ADA-FFCC-4DE6-B9EC-706235F7BC5A}.Debug|Any CPU.ActiveCfg = Debug|Any CPU
		{58DD2ADA-FFCC-4DE6-B9EC-706235F7BC5A}.Debug|Any CPU.Build.0 = Debug|Any CPU
		{58DD2ADA-FFCC-4DE6-B9EC-706235F7BC5A}.Release|Any CPU.ActiveCfg = Release|Any CPU
		{58DD2ADA-FFCC-4DE6-B9EC-706235F7BC5A}.Release|Any CPU.Build.0 = Release|Any CPU
		{03366886-27FB-4F05-B1A6-614BA360359B}.Debug|Any CPU.ActiveCfg = Debug|Any CPU
		{03366886-27FB-4F05-B1A6-614BA360359B}.Debug|Any CPU.Build.0 = Debug|Any CPU
		{03366886-27FB-4F05-B1A6-614BA360359B}.Release|Any CPU.ActiveCfg = Debug|Any CPU
		{03366886-27FB-4F05-B1A6-614BA360359B}.Release|Any CPU.Build.0 = Debug|Any CPU
		{B7A98906-63ED-4550-BE24-F8AC19986D0B}.Debug|Any CPU.ActiveCfg = Debug|Any CPU
		{B7A98906-63ED-4550-BE24-F8AC19986D0B}.Debug|Any CPU.Build.0 = Debug|Any CPU
		{B7A98906-63ED-4550-BE24-F8AC19986D0B}.Release|Any CPU.ActiveCfg = Release|Any CPU
		{B7A98906-63ED-4550-BE24-F8AC19986D0B}.Release|Any CPU.Build.0 = Release|Any CPU
		{AC41D9A5-BBE8-4A61-8852-082439B2B50D}.Debug|Any CPU.ActiveCfg = Debug|Any CPU
		{AC41D9A5-BBE8-4A61-8852-082439B2B50D}.Debug|Any CPU.Build.0 = Debug|Any CPU
		{AC41D9A5-BBE8-4A61-8852-082439B2B50D}.Release|Any CPU.ActiveCfg = Release|Any CPU
		{AC41D9A5-BBE8-4A61-8852-082439B2B50D}.Release|Any CPU.Build.0 = Release|Any CPU
		{1FD9D4F6-F42A-44CD-83DC-16DBCDD984F7}.Debug|Any CPU.ActiveCfg = Debug|Any CPU
		{1FD9D4F6-F42A-44CD-83DC-16DBCDD984F7}.Debug|Any CPU.Build.0 = Debug|Any CPU
		{1FD9D4F6-F42A-44CD-83DC-16DBCDD984F7}.Release|Any CPU.ActiveCfg = Release|Any CPU
		{1FD9D4F6-F42A-44CD-83DC-16DBCDD984F7}.Release|Any CPU.Build.0 = Release|Any CPU
		{E0980EAF-6BC1-461A-AC7A-F61ED203E55C}.Debug|Any CPU.ActiveCfg = Debug|Any CPU
		{E0980EAF-6BC1-461A-AC7A-F61ED203E55C}.Debug|Any CPU.Build.0 = Debug|Any CPU
		{E0980EAF-6BC1-461A-AC7A-F61ED203E55C}.Release|Any CPU.ActiveCfg = Debug|Any CPU
		{E0980EAF-6BC1-461A-AC7A-F61ED203E55C}.Release|Any CPU.Build.0 = Debug|Any CPU
		{2C06C2D1-E0CF-43E7-8E93-0BAC326FF01E}.Debug|Any CPU.ActiveCfg = Debug|Any CPU
		{2C06C2D1-E0CF-43E7-8E93-0BAC326FF01E}.Debug|Any CPU.Build.0 = Debug|Any CPU
		{2C06C2D1-E0CF-43E7-8E93-0BAC326FF01E}.Release|Any CPU.ActiveCfg = Release|Any CPU
		{2C06C2D1-E0CF-43E7-8E93-0BAC326FF01E}.Release|Any CPU.Build.0 = Release|Any CPU
		{27864EF5-D734-404A-B71B-11AA35341166}.Debug|Any CPU.ActiveCfg = Debug|Any CPU
		{27864EF5-D734-404A-B71B-11AA35341166}.Debug|Any CPU.Build.0 = Debug|Any CPU
		{27864EF5-D734-404A-B71B-11AA35341166}.Release|Any CPU.ActiveCfg = Debug|Any CPU
		{27864EF5-D734-404A-B71B-11AA35341166}.Release|Any CPU.Build.0 = Debug|Any CPU
		{62816AFC-0B05-43FF-9FD8-4DA38B8AD21F}.Debug|Any CPU.ActiveCfg = Debug|Any CPU
		{62816AFC-0B05-43FF-9FD8-4DA38B8AD21F}.Debug|Any CPU.Build.0 = Debug|Any CPU
		{62816AFC-0B05-43FF-9FD8-4DA38B8AD21F}.Release|Any CPU.ActiveCfg = Release|Any CPU
		{62816AFC-0B05-43FF-9FD8-4DA38B8AD21F}.Release|Any CPU.Build.0 = Release|Any CPU
		{201C1D4F-F00D-47B8-96A7-BC6FEB623454}.Debug|Any CPU.ActiveCfg = Debug|Any CPU
		{201C1D4F-F00D-47B8-96A7-BC6FEB623454}.Debug|Any CPU.Build.0 = Debug|Any CPU
		{201C1D4F-F00D-47B8-96A7-BC6FEB623454}.Release|Any CPU.ActiveCfg = Debug|Any CPU
		{201C1D4F-F00D-47B8-96A7-BC6FEB623454}.Release|Any CPU.Build.0 = Debug|Any CPU
		{C88C39BE-A941-419F-834E-53FBDB6C78C2}.Debug|Any CPU.ActiveCfg = Debug|Any CPU
		{C88C39BE-A941-419F-834E-53FBDB6C78C2}.Debug|Any CPU.Build.0 = Debug|Any CPU
		{C88C39BE-A941-419F-834E-53FBDB6C78C2}.Release|Any CPU.ActiveCfg = Release|Any CPU
		{C88C39BE-A941-419F-834E-53FBDB6C78C2}.Release|Any CPU.Build.0 = Release|Any CPU
		{205136F6-EF47-460D-BFDD-1B41EBF70A16}.Debug|Any CPU.ActiveCfg = Debug|Any CPU
		{205136F6-EF47-460D-BFDD-1B41EBF70A16}.Debug|Any CPU.Build.0 = Debug|Any CPU
		{205136F6-EF47-460D-BFDD-1B41EBF70A16}.Release|Any CPU.ActiveCfg = Release|Any CPU
		{205136F6-EF47-460D-BFDD-1B41EBF70A16}.Release|Any CPU.Build.0 = Release|Any CPU
		{1E0D5CAD-6D61-49E1-99FF-46B3E216CFBB}.Debug|Any CPU.ActiveCfg = Debug|Any CPU
		{1E0D5CAD-6D61-49E1-99FF-46B3E216CFBB}.Debug|Any CPU.Build.0 = Debug|Any CPU
		{1E0D5CAD-6D61-49E1-99FF-46B3E216CFBB}.Release|Any CPU.ActiveCfg = Debug|Any CPU
		{1E0D5CAD-6D61-49E1-99FF-46B3E216CFBB}.Release|Any CPU.Build.0 = Debug|Any CPU
		{A0BC7FD9-4F01-42AE-94BD-4B7C8E92061B}.Debug|Any CPU.ActiveCfg = Debug|Any CPU
		{A0BC7FD9-4F01-42AE-94BD-4B7C8E92061B}.Debug|Any CPU.Build.0 = Debug|Any CPU
		{A0BC7FD9-4F01-42AE-94BD-4B7C8E92061B}.Release|Any CPU.ActiveCfg = Release|Any CPU
		{A0BC7FD9-4F01-42AE-94BD-4B7C8E92061B}.Release|Any CPU.Build.0 = Release|Any CPU
		{2A840B21-8766-4E66-8121-7E5B4F0E88BC}.Debug|Any CPU.ActiveCfg = Debug|Any CPU
		{2A840B21-8766-4E66-8121-7E5B4F0E88BC}.Debug|Any CPU.Build.0 = Debug|Any CPU
		{2A840B21-8766-4E66-8121-7E5B4F0E88BC}.Release|Any CPU.ActiveCfg = Release|Any CPU
		{2A840B21-8766-4E66-8121-7E5B4F0E88BC}.Release|Any CPU.Build.0 = Release|Any CPU
		{6C38C5B0-3F26-4E09-9674-56C961CE1946}.Debug|Any CPU.ActiveCfg = Debug|Any CPU
		{6C38C5B0-3F26-4E09-9674-56C961CE1946}.Debug|Any CPU.Build.0 = Debug|Any CPU
		{6C38C5B0-3F26-4E09-9674-56C961CE1946}.Release|Any CPU.ActiveCfg = Release|Any CPU
		{6C38C5B0-3F26-4E09-9674-56C961CE1946}.Release|Any CPU.Build.0 = Release|Any CPU
		{28020532-1ADC-4289-A369-A2E28CC2A378}.Debug|Any CPU.ActiveCfg = Debug|Any CPU
		{28020532-1ADC-4289-A369-A2E28CC2A378}.Debug|Any CPU.Build.0 = Debug|Any CPU
		{28020532-1ADC-4289-A369-A2E28CC2A378}.Release|Any CPU.ActiveCfg = Release|Any CPU
		{28020532-1ADC-4289-A369-A2E28CC2A378}.Release|Any CPU.Build.0 = Release|Any CPU
		{ADA73E42-DB38-4999-9E8A-AD119C791B5C}.Debug|Any CPU.ActiveCfg = Debug|Any CPU
		{ADA73E42-DB38-4999-9E8A-AD119C791B5C}.Debug|Any CPU.Build.0 = Debug|Any CPU
		{ADA73E42-DB38-4999-9E8A-AD119C791B5C}.Release|Any CPU.ActiveCfg = Release|Any CPU
		{ADA73E42-DB38-4999-9E8A-AD119C791B5C}.Release|Any CPU.Build.0 = Release|Any CPU
		{7C34374E-AFD3-491A-9AE9-2AC305D82FA6}.Debug|Any CPU.ActiveCfg = Debug|Any CPU
		{7C34374E-AFD3-491A-9AE9-2AC305D82FA6}.Debug|Any CPU.Build.0 = Debug|Any CPU
		{7C34374E-AFD3-491A-9AE9-2AC305D82FA6}.Release|Any CPU.ActiveCfg = Release|Any CPU
		{7C34374E-AFD3-491A-9AE9-2AC305D82FA6}.Release|Any CPU.Build.0 = Release|Any CPU
		{D627D9B3-2322-4647-AF8B-62F0F9ECFC5C}.Debug|Any CPU.ActiveCfg = Debug|Any CPU
		{D627D9B3-2322-4647-AF8B-62F0F9ECFC5C}.Debug|Any CPU.Build.0 = Debug|Any CPU
		{D627D9B3-2322-4647-AF8B-62F0F9ECFC5C}.Release|Any CPU.ActiveCfg = Release|Any CPU
		{D627D9B3-2322-4647-AF8B-62F0F9ECFC5C}.Release|Any CPU.Build.0 = Release|Any CPU
		{FE834DFC-EFE3-444C-B7F5-E79F6A2C3637}.Debug|Any CPU.ActiveCfg = Debug|Any CPU
		{FE834DFC-EFE3-444C-B7F5-E79F6A2C3637}.Debug|Any CPU.Build.0 = Debug|Any CPU
		{FE834DFC-EFE3-444C-B7F5-E79F6A2C3637}.Release|Any CPU.ActiveCfg = Release|Any CPU
		{FE834DFC-EFE3-444C-B7F5-E79F6A2C3637}.Release|Any CPU.Build.0 = Release|Any CPU
		{39B5D139-EA24-4839-AD0A-367482CD9465}.Debug|Any CPU.ActiveCfg = Debug|Any CPU
		{39B5D139-EA24-4839-AD0A-367482CD9465}.Debug|Any CPU.Build.0 = Debug|Any CPU
		{39B5D139-EA24-4839-AD0A-367482CD9465}.Release|Any CPU.ActiveCfg = Release|Any CPU
		{39B5D139-EA24-4839-AD0A-367482CD9465}.Release|Any CPU.Build.0 = Release|Any CPU
		{D749367A-6320-46D1-8E64-95F2AD6EDAC6}.Debug|Any CPU.ActiveCfg = Debug|Any CPU
		{D749367A-6320-46D1-8E64-95F2AD6EDAC6}.Debug|Any CPU.Build.0 = Debug|Any CPU
		{D749367A-6320-46D1-8E64-95F2AD6EDAC6}.Release|Any CPU.ActiveCfg = Release|Any CPU
		{D749367A-6320-46D1-8E64-95F2AD6EDAC6}.Release|Any CPU.Build.0 = Release|Any CPU
		{339283EF-1EE7-4B6C-853D-E43F6EC26915}.Debug|Any CPU.ActiveCfg = Debug|Any CPU
		{339283EF-1EE7-4B6C-853D-E43F6EC26915}.Debug|Any CPU.Build.0 = Debug|Any CPU
		{339283EF-1EE7-4B6C-853D-E43F6EC26915}.Release|Any CPU.ActiveCfg = Release|Any CPU
		{339283EF-1EE7-4B6C-853D-E43F6EC26915}.Release|Any CPU.Build.0 = Release|Any CPU
		{1B571C58-C8C2-4CD4-BD62-0A56F4B557F0}.Debug|Any CPU.ActiveCfg = Debug|Any CPU
		{1B571C58-C8C2-4CD4-BD62-0A56F4B557F0}.Debug|Any CPU.Build.0 = Debug|Any CPU
		{1B571C58-C8C2-4CD4-BD62-0A56F4B557F0}.Release|Any CPU.ActiveCfg = Release|Any CPU
		{1B571C58-C8C2-4CD4-BD62-0A56F4B557F0}.Release|Any CPU.Build.0 = Release|Any CPU
		{52EFD15B-AF7C-45D0-AECC-A4B4786B86B3}.Debug|Any CPU.ActiveCfg = Debug|Any CPU
		{52EFD15B-AF7C-45D0-AECC-A4B4786B86B3}.Debug|Any CPU.Build.0 = Debug|Any CPU
		{52EFD15B-AF7C-45D0-AECC-A4B4786B86B3}.Release|Any CPU.ActiveCfg = Release|Any CPU
		{52EFD15B-AF7C-45D0-AECC-A4B4786B86B3}.Release|Any CPU.Build.0 = Release|Any CPU
		{9A9D4C10-0E63-4394-88E6-1174774106C6}.Debug|Any CPU.ActiveCfg = Debug|Any CPU
		{9A9D4C10-0E63-4394-88E6-1174774106C6}.Debug|Any CPU.Build.0 = Debug|Any CPU
		{9A9D4C10-0E63-4394-88E6-1174774106C6}.Release|Any CPU.ActiveCfg = Release|Any CPU
		{9A9D4C10-0E63-4394-88E6-1174774106C6}.Release|Any CPU.Build.0 = Release|Any CPU
		{F940CF28-481C-4181-A237-744EBB806369}.Debug|Any CPU.ActiveCfg = Debug|Any CPU
		{F940CF28-481C-4181-A237-744EBB806369}.Debug|Any CPU.Build.0 = Debug|Any CPU
		{F940CF28-481C-4181-A237-744EBB806369}.Release|Any CPU.ActiveCfg = Release|Any CPU
		{F940CF28-481C-4181-A237-744EBB806369}.Release|Any CPU.Build.0 = Release|Any CPU
		{2DF1F5E9-8EB5-4617-87E2-210FE4402B4E}.Debug|Any CPU.ActiveCfg = Debug|Any CPU
		{2DF1F5E9-8EB5-4617-87E2-210FE4402B4E}.Debug|Any CPU.Build.0 = Debug|Any CPU
		{2DF1F5E9-8EB5-4617-87E2-210FE4402B4E}.Release|Any CPU.ActiveCfg = Release|Any CPU
		{2DF1F5E9-8EB5-4617-87E2-210FE4402B4E}.Release|Any CPU.Build.0 = Release|Any CPU
		{EA0D9AFE-E2F2-47BF-9FC3-DDB139099271}.Debug|Any CPU.ActiveCfg = Debug|Any CPU
		{EA0D9AFE-E2F2-47BF-9FC3-DDB139099271}.Debug|Any CPU.Build.0 = Debug|Any CPU
		{EA0D9AFE-E2F2-47BF-9FC3-DDB139099271}.Release|Any CPU.ActiveCfg = Release|Any CPU
		{EA0D9AFE-E2F2-47BF-9FC3-DDB139099271}.Release|Any CPU.Build.0 = Release|Any CPU
	EndGlobalSection
	GlobalSection(SolutionProperties) = preSolution
		HideSolutionNode = FALSE
	EndGlobalSection
	GlobalSection(NestedProjects) = preSolution
		{D65019FF-E0DD-4C27-93A1-ED2FFD5A2C8B} = {D8CB34AD-D461-4237-8271-BAC8AA334DB0}
		{58DD2ADA-FFCC-4DE6-B9EC-706235F7BC5A} = {D8CB34AD-D461-4237-8271-BAC8AA334DB0}
		{7A043D68-944A-4AB4-AF3F-CF2ABEA560A9} = {D8CB34AD-D461-4237-8271-BAC8AA334DB0}
		{E0980EAF-6BC1-461A-AC7A-F61ED203E55C} = {7A043D68-944A-4AB4-AF3F-CF2ABEA560A9}
		{2C06C2D1-E0CF-43E7-8E93-0BAC326FF01E} = {7A043D68-944A-4AB4-AF3F-CF2ABEA560A9}
		{27864EF5-D734-404A-B71B-11AA35341166} = {7A043D68-944A-4AB4-AF3F-CF2ABEA560A9}
		{62816AFC-0B05-43FF-9FD8-4DA38B8AD21F} = {7A043D68-944A-4AB4-AF3F-CF2ABEA560A9}
		{201C1D4F-F00D-47B8-96A7-BC6FEB623454} = {7A043D68-944A-4AB4-AF3F-CF2ABEA560A9}
		{205136F6-EF47-460D-BFDD-1B41EBF70A16} = {E1BD146A-4A12-400B-BC1C-F00AAAC928B8}
		{1E0D5CAD-6D61-49E1-99FF-46B3E216CFBB} = {7A043D68-944A-4AB4-AF3F-CF2ABEA560A9}
		{A0BC7FD9-4F01-42AE-94BD-4B7C8E92061B} = {7A043D68-944A-4AB4-AF3F-CF2ABEA560A9}
		{2A840B21-8766-4E66-8121-7E5B4F0E88BC} = {E1BD146A-4A12-400B-BC1C-F00AAAC928B8}
		{6C38C5B0-3F26-4E09-9674-56C961CE1946} = {E1BD146A-4A12-400B-BC1C-F00AAAC928B8}
		{28020532-1ADC-4289-A369-A2E28CC2A378} = {E1BD146A-4A12-400B-BC1C-F00AAAC928B8}
		{ADA73E42-DB38-4999-9E8A-AD119C791B5C} = {E1BD146A-4A12-400B-BC1C-F00AAAC928B8}
		{D627D9B3-2322-4647-AF8B-62F0F9ECFC5C} = {E1BD146A-4A12-400B-BC1C-F00AAAC928B8}
	EndGlobalSection
	GlobalSection(ExtensibilityGlobals) = postSolution
		VisualSVNWorkingCopyRoot = .
		SolutionGuid = {9BC39543-451C-47F4-B47B-54D9E487F5BB}
	EndGlobalSection
EndGlobal
